
Microsoft Visual Studio Solution File, Format Version 12.00
# Visual Studio Version 17
VisualStudioVersion = 17.8.34309.116
MinimumVisualStudioVersion = 10.0.40219.1
Project("{FAE04EC0-301F-11D3-BF4B-00C04F79EFBC}") = "MonogameCptForkBug", "MonogameCptForkBug\MonogameCptForkBug.csproj", "{1AB21D22-58EA-4459-B425-7AC786D46757}"
EndProject
Global
	GlobalSection(SolutionConfigurationPlatforms) = preSolution
		Debug|Any CPU = Debug|Any CPU
		Release|Any CPU = Release|Any CPU
	EndGlobalSection
	GlobalSection(ProjectConfigurationPlatforms) = postSolution
		{1AB21D22-58EA-4459-B425-7AC786D46757}.Debug|Any CPU.ActiveCfg = Debug|Any CPU
		{1AB21D22-58EA-4459-B425-7AC786D46757}.Debug|Any CPU.Build.0 = Debug|Any CPU
		{1AB21D22-58EA-4459-B425-7AC786D46757}.Release|Any CPU.ActiveCfg = Release|Any CPU
		{1AB21D22-58EA-4459-B425-7AC786D46757}.Release|Any CPU.Build.0 = Release|Any CPU
	EndGlobalSection
	GlobalSection(SolutionProperties) = preSolution
		HideSolutionNode = FALSE
	EndGlobalSection
	GlobalSection(ExtensibilityGlobals) = postSolution
		SolutionGuid = {7E7546A6-47B2-48D1-B1AC-B002F11E782E}
	EndGlobalSection
EndGlobal
